
Microsoft Visual Studio Solution File, Format Version 12.00
# Visual Studio 14
VisualStudioVersion = 14.0.25420.1
MinimumVisualStudioVersion = 10.0.40219.1
Project("{FAE04EC0-301F-11D3-BF4B-00C04F79EFBC}") = "Log4netSample.Api", "Log4netSample\Log4netSample.Api.csproj", "{1143B5C9-660F-456C-88EB-61691E89B436}"
EndProject
Project("{FAE04EC0-301F-11D3-BF4B-00C04F79EFBC}") = "Log4netSample.Data", "Log4netSample.Data\Log4netSample.Data.csproj", "{489503D8-38FC-43A6-8786-FBAC74F1F83A}"
EndProject
Project("{FAE04EC0-301F-11D3-BF4B-00C04F79EFBC}") = "Log4netSample.Model", "Log4netSample.Model\Log4netSample.Model.csproj", "{C6ED3EFC-27B1-4577-9B2B-56DF3045C8F0}"
EndProject
Project("{FAE04EC0-301F-11D3-BF4B-00C04F79EFBC}") = "Log4netSample.Util", "Log4netSample.Util\Log4netSample.Util.csproj", "{6F4BA6A0-566F-4902-ADAE-F561C934EA0E}"
EndProject
Project("{FAE04EC0-301F-11D3-BF4B-00C04F79EFBC}") = "Log4netSample.Tests", "Log4netSample.Tests\Log4netSample.Tests.csproj", "{16669CC0-86C6-4596-955D-3CEC6F98CDC8}"
EndProject
Global
	GlobalSection(SolutionConfigurationPlatforms) = preSolution
		Debug|Any CPU = Debug|Any CPU
		Release|Any CPU = Release|Any CPU
	EndGlobalSection
	GlobalSection(ProjectConfigurationPlatforms) = postSolution
		{1143B5C9-660F-456C-88EB-61691E89B436}.Debug|Any CPU.ActiveCfg = Debug|Any CPU
		{1143B5C9-660F-456C-88EB-61691E89B436}.Debug|Any CPU.Build.0 = Debug|Any CPU
		{1143B5C9-660F-456C-88EB-61691E89B436}.Release|Any CPU.ActiveCfg = Release|Any CPU
		{1143B5C9-660F-456C-88EB-61691E89B436}.Release|Any CPU.Build.0 = Release|Any CPU
		{489503D8-38FC-43A6-8786-FBAC74F1F83A}.Debug|Any CPU.ActiveCfg = Debug|Any CPU
		{489503D8-38FC-43A6-8786-FBAC74F1F83A}.Debug|Any CPU.Build.0 = Debug|Any CPU
		{489503D8-38FC-43A6-8786-FBAC74F1F83A}.Release|Any CPU.ActiveCfg = Release|Any CPU
		{489503D8-38FC-43A6-8786-FBAC74F1F83A}.Release|Any CPU.Build.0 = Release|Any CPU
		{C6ED3EFC-27B1-4577-9B2B-56DF3045C8F0}.Debug|Any CPU.ActiveCfg = Debug|Any CPU
		{C6ED3EFC-27B1-4577-9B2B-56DF3045C8F0}.Debug|Any CPU.Build.0 = Debug|Any CPU
		{C6ED3EFC-27B1-4577-9B2B-56DF3045C8F0}.Release|Any CPU.ActiveCfg = Release|Any CPU
		{C6ED3EFC-27B1-4577-9B2B-56DF3045C8F0}.Release|Any CPU.Build.0 = Release|Any CPU
		{6F4BA6A0-566F-4902-ADAE-F561C934EA0E}.Debug|Any CPU.ActiveCfg = Debug|Any CPU
		{6F4BA6A0-566F-4902-ADAE-F561C934EA0E}.Debug|Any CPU.Build.0 = Debug|Any CPU
		{6F4BA6A0-566F-4902-ADAE-F561C934EA0E}.Release|Any CPU.ActiveCfg = Release|Any CPU
		{6F4BA6A0-566F-4902-ADAE-F561C934EA0E}.Release|Any CPU.Build.0 = Release|Any CPU
		{16669CC0-86C6-4596-955D-3CEC6F98CDC8}.Debug|Any CPU.ActiveCfg = Debug|Any CPU
		{16669CC0-86C6-4596-955D-3CEC6F98CDC8}.Debug|Any CPU.Build.0 = Debug|Any CPU
		{16669CC0-86C6-4596-955D-3CEC6F98CDC8}.Release|Any CPU.ActiveCfg = Release|Any CPU
		{16669CC0-86C6-4596-955D-3CEC6F98CDC8}.Release|Any CPU.Build.0 = Release|Any CPU
	EndGlobalSection
	GlobalSection(SolutionProperties) = preSolution
		HideSolutionNode = FALSE
	EndGlobalSection
EndGlobal
